
Microsoft Visual Studio Solution File, Format Version 12.00
# Visual Studio Version 16
VisualStudioVersion = 16.0.30621.155
MinimumVisualStudioVersion = 15.0.26124.0
Project("{2150E333-8FDC-42A3-9474-1A3956D46DE8}") = "src", "src", "{72947C96-5D14-4F23-B5E0-4271B5342B13}"
EndProject
Project("{2150E333-8FDC-42A3-9474-1A3956D46DE8}") = "Presentation", "Presentation", "{0246D52D-6933-4AC8-A7EE-E96F28453FFD}"
EndProject
Project("{2150E333-8FDC-42A3-9474-1A3956D46DE8}") = "Solution Items", "Solution Items", "{B1C8A3E9-ABBC-40BE-BD91-B3B3CA656D56}"
	ProjectSection(SolutionItems) = preProject
		README.md = README.md
	EndProjectSection
EndProject
Project("{FAE04EC0-301F-11D3-BF4B-00C04F79EFBC}") = "WiredBrainCoffee.CustomersApp", "src\Presentation\WiredBrainCoffee.CustomersApp\WiredBrainCoffee.CustomersApp.csproj", "{0F7AB951-DF74-4707-BBA5-FB4BCBEF6D27}"
EndProject
Project("{2150E333-8FDC-42A3-9474-1A3956D46DE8}") = "Data", "Data", "{D660FB58-D272-4F43-B0AE-FB7D032F8C8A}"
EndProject
Project("{FAE04EC0-301F-11D3-BF4B-00C04F79EFBC}") = "WiredBrainCoffee.Data", "src\Data\WiredBrainCoffee.Data\WiredBrainCoffee.Data.csproj", "{44C3E461-F0D5-4056-A67A-DF73F437D23B}"
EndProject
Project("{FAE04EC0-301F-11D3-BF4B-00C04F79EFBC}") = "WiredBrainCoffee.Models", "src\Data\WiredBrainCoffee.Models\WiredBrainCoffee.Models.csproj", "{F2F396B9-28B4-439F-A41B-E08AFAD540B6}"
EndProject
Global
	GlobalSection(SolutionConfigurationPlatforms) = preSolution
		Debug|Any CPU = Debug|Any CPU
		Debug|ARM = Debug|ARM
		Debug|ARM64 = Debug|ARM64
		Debug|x64 = Debug|x64
		Debug|x86 = Debug|x86
		Release|Any CPU = Release|Any CPU
		Release|ARM = Release|ARM
		Release|ARM64 = Release|ARM64
		Release|x64 = Release|x64
		Release|x86 = Release|x86
	EndGlobalSection
	GlobalSection(ProjectConfigurationPlatforms) = postSolution
		{0F7AB951-DF74-4707-BBA5-FB4BCBEF6D27}.Debug|Any CPU.ActiveCfg = Debug|x86
		{0F7AB951-DF74-4707-BBA5-FB4BCBEF6D27}.Debug|Any CPU.Build.0 = Debug|x86
		{0F7AB951-DF74-4707-BBA5-FB4BCBEF6D27}.Debug|Any CPU.Deploy.0 = Debug|x86
		{0F7AB951-DF74-4707-BBA5-FB4BCBEF6D27}.Debug|ARM.ActiveCfg = Debug|ARM
		{0F7AB951-DF74-4707-BBA5-FB4BCBEF6D27}.Debug|ARM.Build.0 = Debug|ARM
		{0F7AB951-DF74-4707-BBA5-FB4BCBEF6D27}.Debug|ARM.Deploy.0 = Debug|ARM
		{0F7AB951-DF74-4707-BBA5-FB4BCBEF6D27}.Debug|ARM64.ActiveCfg = Debug|ARM64
		{0F7AB951-DF74-4707-BBA5-FB4BCBEF6D27}.Debug|ARM64.Build.0 = Debug|ARM64
		{0F7AB951-DF74-4707-BBA5-FB4BCBEF6D27}.Debug|ARM64.Deploy.0 = Debug|ARM64
		{0F7AB951-DF74-4707-BBA5-FB4BCBEF6D27}.Debug|x64.ActiveCfg = Debug|x64
		{0F7AB951-DF74-4707-BBA5-FB4BCBEF6D27}.Debug|x64.Build.0 = Debug|x64
		{0F7AB951-DF74-4707-BBA5-FB4BCBEF6D27}.Debug|x64.Deploy.0 = Debug|x64
		{0F7AB951-DF74-4707-BBA5-FB4BCBEF6D27}.Debug|x86.ActiveCfg = Debug|x86
		{0F7AB951-DF74-4707-BBA5-FB4BCBEF6D27}.Debug|x86.Build.0 = Debug|x86
		{0F7AB951-DF74-4707-BBA5-FB4BCBEF6D27}.Debug|x86.Deploy.0 = Debug|x86
		{0F7AB951-DF74-4707-BBA5-FB4BCBEF6D27}.Release|Any CPU.ActiveCfg = Release|x86
		{0F7AB951-DF74-4707-BBA5-FB4BCBEF6D27}.Release|ARM.ActiveCfg = Release|ARM
		{0F7AB951-DF74-4707-BBA5-FB4BCBEF6D27}.Release|ARM.Build.0 = Release|ARM
		{0F7AB951-DF74-4707-BBA5-FB4BCBEF6D27}.Release|ARM.Deploy.0 = Release|ARM
		{0F7AB951-DF74-4707-BBA5-FB4BCBEF6D27}.Release|ARM64.ActiveCfg = Release|ARM64
		{0F7AB951-DF74-4707-BBA5-FB4BCBEF6D27}.Release|ARM64.Build.0 = Release|ARM64
		{0F7AB951-DF74-4707-BBA5-FB4BCBEF6D27}.Release|ARM64.Deploy.0 = Release|ARM64
		{0F7AB951-DF74-4707-BBA5-FB4BCBEF6D27}.Release|x64.ActiveCfg = Release|x64
		{0F7AB951-DF74-4707-BBA5-FB4BCBEF6D27}.Release|x64.Build.0 = Release|x64
		{0F7AB951-DF74-4707-BBA5-FB4BCBEF6D27}.Release|x64.Deploy.0 = Release|x64
		{0F7AB951-DF74-4707-BBA5-FB4BCBEF6D27}.Release|x86.ActiveCfg = Release|x86
		{0F7AB951-DF74-4707-BBA5-FB4BCBEF6D27}.Release|x86.Build.0 = Release|x86
		{0F7AB951-DF74-4707-BBA5-FB4BCBEF6D27}.Release|x86.Deploy.0 = Release|x86
		{44C3E461-F0D5-4056-A67A-DF73F437D23B}.Debug|Any CPU.ActiveCfg = Debug|Any CPU
		{44C3E461-F0D5-4056-A67A-DF73F437D23B}.Debug|Any CPU.Build.0 = Debug|Any CPU
		{44C3E461-F0D5-4056-A67A-DF73F437D23B}.Debug|ARM.ActiveCfg = Debug|ARM
		{44C3E461-F0D5-4056-A67A-DF73F437D23B}.Debug|ARM.Build.0 = Debug|ARM
		{44C3E461-F0D5-4056-A67A-DF73F437D23B}.Debug|ARM64.ActiveCfg = Debug|ARM64
		{44C3E461-F0D5-4056-A67A-DF73F437D23B}.Debug|ARM64.Build.0 = Debug|ARM64
		{44C3E461-F0D5-4056-A67A-DF73F437D23B}.Debug|x64.ActiveCfg = Debug|x64
		{44C3E461-F0D5-4056-A67A-DF73F437D23B}.Debug|x64.Build.0 = Debug|x64
		{44C3E461-F0D5-4056-A67A-DF73F437D23B}.Debug|x86.ActiveCfg = Debug|x86
		{44C3E461-F0D5-4056-A67A-DF73F437D23B}.Debug|x86.Build.0 = Debug|x86
		{44C3E461-F0D5-4056-A67A-DF73F437D23B}.Release|Any CPU.ActiveCfg = Release|Any CPU
		{44C3E461-F0D5-4056-A67A-DF73F437D23B}.Release|Any CPU.Build.0 = Release|Any CPU
		{44C3E461-F0D5-4056-A67A-DF73F437D23B}.Release|ARM.ActiveCfg = Release|ARM
		{44C3E461-F0D5-4056-A67A-DF73F437D23B}.Release|ARM.Build.0 = Release|ARM
		{44C3E461-F0D5-4056-A67A-DF73F437D23B}.Release|ARM64.ActiveCfg = Release|ARM64
		{44C3E461-F0D5-4056-A67A-DF73F437D23B}.Release|ARM64.Build.0 = Release|ARM64
		{44C3E461-F0D5-4056-A67A-DF73F437D23B}.Release|x64.ActiveCfg = Release|x64
		{44C3E461-F0D5-4056-A67A-DF73F437D23B}.Release|x64.Build.0 = Release|x64
		{44C3E461-F0D5-4056-A67A-DF73F437D23B}.Release|x86.ActiveCfg = Release|x86
		{44C3E461-F0D5-4056-A67A-DF73F437D23B}.Release|x86.Build.0 = Release|x86
		{F2F396B9-28B4-439F-A41B-E08AFAD540B6}.Debug|Any CPU.ActiveCfg = Debug|Any CPU
		{F2F396B9-28B4-439F-A41B-E08AFAD540B6}.Debug|Any CPU.Build.0 = Debug|Any CPU
		{F2F396B9-28B4-439F-A41B-E08AFAD540B6}.Debug|ARM.ActiveCfg = Debug|ARM
		{F2F396B9-28B4-439F-A41B-E08AFAD540B6}.Debug|ARM.Build.0 = Debug|ARM
		{F2F396B9-28B4-439F-A41B-E08AFAD540B6}.Debug|ARM64.ActiveCfg = Debug|ARM64
		{F2F396B9-28B4-439F-A41B-E08AFAD540B6}.Debug|ARM64.Build.0 = Debug|ARM64
		{F2F396B9-28B4-439F-A41B-E08AFAD540B6}.Debug|x64.ActiveCfg = Debug|x64
		{F2F396B9-28B4-439F-A41B-E08AFAD540B6}.Debug|x64.Build.0 = Debug|x64
		{F2F396B9-28B4-439F-A41B-E08AFAD540B6}.Debug|x86.ActiveCfg = Debug|x86
		{F2F396B9-28B4-439F-A41B-E08AFAD540B6}.Debug|x86.Build.0 = Debug|x86
		{F2F396B9-28B4-439F-A41B-E08AFAD540B6}.Release|Any CPU.ActiveCfg = Release|Any CPU
		{F2F396B9-28B4-439F-A41B-E08AFAD540B6}.Release|Any CPU.Build.0 = Release|Any CPU
		{F2F396B9-28B4-439F-A41B-E08AFAD540B6}.Release|ARM.ActiveCfg = Release|ARM
		{F2F396B9-28B4-439F-A41B-E08AFAD540B6}.Release|ARM.Build.0 = Release|ARM
		{F2F396B9-28B4-439F-A41B-E08AFAD540B6}.Release|ARM64.ActiveCfg = Release|ARM64
		{F2F396B9-28B4-439F-A41B-E08AFAD540B6}.Release|ARM64.Build.0 = Release|ARM64
		{F2F396B9-28B4-439F-A41B-E08AFAD540B6}.Release|x64.ActiveCfg = Release|x64
		{F2F396B9-28B4-439F-A41B-E08AFAD540B6}.Release|x64.Build.0 = Release|x64
		{F2F396B9-28B4-439F-A41B-E08AFAD540B6}.Release|x86.ActiveCfg = Release|x86
		{F2F396B9-28B4-439F-A41B-E08AFAD540B6}.Release|x86.Build.0 = Release|x86
	EndGlobalSection
	GlobalSection(SolutionProperties) = preSolution
		HideSolutionNode = FALSE
	EndGlobalSection
	GlobalSection(NestedProjects) = preSolution
		{0246D52D-6933-4AC8-A7EE-E96F28453FFD} = {72947C96-5D14-4F23-B5E0-4271B5342B13}
		{0F7AB951-DF74-4707-BBA5-FB4BCBEF6D27} = {0246D52D-6933-4AC8-A7EE-E96F28453FFD}
		{D660FB58-D272-4F43-B0AE-FB7D032F8C8A} = {72947C96-5D14-4F23-B5E0-4271B5342B13}
		{44C3E461-F0D5-4056-A67A-DF73F437D23B} = {D660FB58-D272-4F43-B0AE-FB7D032F8C8A}
		{F2F396B9-28B4-439F-A41B-E08AFAD540B6} = {D660FB58-D272-4F43-B0AE-FB7D032F8C8A}
	EndGlobalSection
	GlobalSection(ExtensibilityGlobals) = postSolution
		SolutionGuid = {5BF41A3C-08CD-4756-8D08-EF7CFD129820}
	EndGlobalSection
EndGlobal
